
Microsoft Visual Studio Solution File, Format Version 12.00
# Visual Studio Version 16
VisualStudioVersion = 16.0.28917.181
MinimumVisualStudioVersion = 10.0.40219.1
Project("{FAE04EC0-301F-11D3-BF4B-00C04F79EFBC}") = "ForumSystem", "ForumSystem\ForumSystem.csproj", "{C3013EC4-D45A-4E90-8FEE-260D7E867047}"
EndProject
Project("{FAE04EC0-301F-11D3-BF4B-00C04F79EFBC}") = "DBModels", "DBModels\DBModels.csproj", "{3D8521A9-3776-450A-A894-81FF0D2821D9}"
EndProject
Global
	GlobalSection(SolutionConfigurationPlatforms) = preSolution
		Debug|Any CPU = Debug|Any CPU
		Release|Any CPU = Release|Any CPU
	EndGlobalSection
	GlobalSection(ProjectConfigurationPlatforms) = postSolution
		{C3013EC4-D45A-4E90-8FEE-260D7E867047}.Debug|Any CPU.ActiveCfg = Debug|Any CPU
		{C3013EC4-D45A-4E90-8FEE-260D7E867047}.Debug|Any CPU.Build.0 = Debug|Any CPU
		{C3013EC4-D45A-4E90-8FEE-260D7E867047}.Release|Any CPU.ActiveCfg = Release|Any CPU
		{C3013EC4-D45A-4E90-8FEE-260D7E867047}.Release|Any CPU.Build.0 = Release|Any CPU
		{3D8521A9-3776-450A-A894-81FF0D2821D9}.Debug|Any CPU.ActiveCfg = Debug|Any CPU
		{3D8521A9-3776-450A-A894-81FF0D2821D9}.Debug|Any CPU.Build.0 = Debug|Any CPU
		{3D8521A9-3776-450A-A894-81FF0D2821D9}.Release|Any CPU.ActiveCfg = Release|Any CPU
		{3D8521A9-3776-450A-A894-81FF0D2821D9}.Release|Any CPU.Build.0 = Release|Any CPU
	EndGlobalSection
	GlobalSection(SolutionProperties) = preSolution
		HideSolutionNode = FALSE
	EndGlobalSection
	GlobalSection(ExtensibilityGlobals) = postSolution
		SolutionGuid = {73448149-CEFA-47F5-83B3-59844D63B8D7}
	EndGlobalSection
EndGlobal
